
Microsoft Visual Studio Solution File, Format Version 11.00
# Visual C++ Express 2010
Project("{8BC9CEB8-8B4A-11D0-8D11-00A0C91BC942}") = "lab6", "lab6\lab6.vcxproj", "{E2BDB312-33FA-4F6C-9C87-0077B755559E}"
EndProject
Global
	GlobalSection(SolutionConfigurationPlatforms) = preSolution
		Debug|Win32 = Debug|Win32
		Release|Win32 = Release|Win32
	EndGlobalSection
	GlobalSection(ProjectConfigurationPlatforms) = postSolution
		{E2BDB312-33FA-4F6C-9C87-0077B755559E}.Debug|Win32.ActiveCfg = Debug|Win32
		{E2BDB312-33FA-4F6C-9C87-0077B755559E}.Debug|Win32.Build.0 = Debug|Win32
		{E2BDB312-33FA-4F6C-9C87-0077B755559E}.Release|Win32.ActiveCfg = Release|Win32
		{E2BDB312-33FA-4F6C-9C87-0077B755559E}.Release|Win32.Build.0 = Release|Win32
	EndGlobalSection
	GlobalSection(SolutionProperties) = preSolution
		HideSolutionNode = FALSE
	EndGlobalSection
EndGlobal
